
Microsoft Visual Studio Solution File, Format Version 12.00
# Visual Studio 15
VisualStudioVersion = 15.0.26124.0
MinimumVisualStudioVersion = 15.0.26124.0
Project("{9A19103F-16F7-4668-BE54-9A1E7A4F7556}") = "Web", "src\Web\Web.csproj", "{BC7FF4E6-DE3A-449E-8E3E-688A7D31C562}"
EndProject
Project("{9A19103F-16F7-4668-BE54-9A1E7A4F7556}") = "Data", "src\Data\Data.csproj", "{B1207A14-3A97-43B3-ADC3-CE06EA55CE0D}"
EndProject
Project("{9A19103F-16F7-4668-BE54-9A1E7A4F7556}") = "Repository", "src\Repository\Repository.csproj", "{562F6D89-1E3D-441B-BFC9-76D984CD56AC}"
EndProject
Project("{9A19103F-16F7-4668-BE54-9A1E7A4F7556}") = "Services", "src\Services\Services.csproj", "{96DE5080-BA0A-49FA-A871-DF40980FBFEF}"
EndProject
Global
	GlobalSection(SolutionConfigurationPlatforms) = preSolution
		Debug|Any CPU = Debug|Any CPU
		Debug|x64 = Debug|x64
		Debug|x86 = Debug|x86
		Release|Any CPU = Release|Any CPU
		Release|x64 = Release|x64
		Release|x86 = Release|x86
	EndGlobalSection
	GlobalSection(ProjectConfigurationPlatforms) = postSolution
		{BC7FF4E6-DE3A-449E-8E3E-688A7D31C562}.Debug|Any CPU.ActiveCfg = Debug|Any CPU
		{BC7FF4E6-DE3A-449E-8E3E-688A7D31C562}.Debug|Any CPU.Build.0 = Debug|Any CPU
		{BC7FF4E6-DE3A-449E-8E3E-688A7D31C562}.Debug|x64.ActiveCfg = Debug|Any CPU
		{BC7FF4E6-DE3A-449E-8E3E-688A7D31C562}.Debug|x64.Build.0 = Debug|Any CPU
		{BC7FF4E6-DE3A-449E-8E3E-688A7D31C562}.Debug|x86.ActiveCfg = Debug|Any CPU
		{BC7FF4E6-DE3A-449E-8E3E-688A7D31C562}.Debug|x86.Build.0 = Debug|Any CPU
		{BC7FF4E6-DE3A-449E-8E3E-688A7D31C562}.Release|Any CPU.ActiveCfg = Release|Any CPU
		{BC7FF4E6-DE3A-449E-8E3E-688A7D31C562}.Release|Any CPU.Build.0 = Release|Any CPU
		{BC7FF4E6-DE3A-449E-8E3E-688A7D31C562}.Release|x64.ActiveCfg = Release|Any CPU
		{BC7FF4E6-DE3A-449E-8E3E-688A7D31C562}.Release|x64.Build.0 = Release|Any CPU
		{BC7FF4E6-DE3A-449E-8E3E-688A7D31C562}.Release|x86.ActiveCfg = Release|Any CPU
		{BC7FF4E6-DE3A-449E-8E3E-688A7D31C562}.Release|x86.Build.0 = Release|Any CPU
		{B1207A14-3A97-43B3-ADC3-CE06EA55CE0D}.Debug|Any CPU.ActiveCfg = Debug|Any CPU
		{B1207A14-3A97-43B3-ADC3-CE06EA55CE0D}.Debug|Any CPU.Build.0 = Debug|Any CPU
		{B1207A14-3A97-43B3-ADC3-CE06EA55CE0D}.Debug|x64.ActiveCfg = Debug|Any CPU
		{B1207A14-3A97-43B3-ADC3-CE06EA55CE0D}.Debug|x64.Build.0 = Debug|Any CPU
		{B1207A14-3A97-43B3-ADC3-CE06EA55CE0D}.Debug|x86.ActiveCfg = Debug|Any CPU
		{B1207A14-3A97-43B3-ADC3-CE06EA55CE0D}.Debug|x86.Build.0 = Debug|Any CPU
		{B1207A14-3A97-43B3-ADC3-CE06EA55CE0D}.Release|Any CPU.ActiveCfg = Release|Any CPU
		{B1207A14-3A97-43B3-ADC3-CE06EA55CE0D}.Release|Any CPU.Build.0 = Release|Any CPU
		{B1207A14-3A97-43B3-ADC3-CE06EA55CE0D}.Release|x64.ActiveCfg = Release|Any CPU
		{B1207A14-3A97-43B3-ADC3-CE06EA55CE0D}.Release|x64.Build.0 = Release|Any CPU
		{B1207A14-3A97-43B3-ADC3-CE06EA55CE0D}.Release|x86.ActiveCfg = Release|Any CPU
		{B1207A14-3A97-43B3-ADC3-CE06EA55CE0D}.Release|x86.Build.0 = Release|Any CPU
		{562F6D89-1E3D-441B-BFC9-76D984CD56AC}.Debug|Any CPU.ActiveCfg = Debug|Any CPU
		{562F6D89-1E3D-441B-BFC9-76D984CD56AC}.Debug|Any CPU.Build.0 = Debug|Any CPU
		{562F6D89-1E3D-441B-BFC9-76D984CD56AC}.Debug|x64.ActiveCfg = Debug|Any CPU
		{562F6D89-1E3D-441B-BFC9-76D984CD56AC}.Debug|x64.Build.0 = Debug|Any CPU
		{562F6D89-1E3D-441B-BFC9-76D984CD56AC}.Debug|x86.ActiveCfg = Debug|Any CPU
		{562F6D89-1E3D-441B-BFC9-76D984CD56AC}.Debug|x86.Build.0 = Debug|Any CPU
		{562F6D89-1E3D-441B-BFC9-76D984CD56AC}.Release|Any CPU.ActiveCfg = Release|Any CPU
		{562F6D89-1E3D-441B-BFC9-76D984CD56AC}.Release|Any CPU.Build.0 = Release|Any CPU
		{562F6D89-1E3D-441B-BFC9-76D984CD56AC}.Release|x64.ActiveCfg = Release|Any CPU
		{562F6D89-1E3D-441B-BFC9-76D984CD56AC}.Release|x64.Build.0 = Release|Any CPU
		{562F6D89-1E3D-441B-BFC9-76D984CD56AC}.Release|x86.ActiveCfg = Release|Any CPU
		{562F6D89-1E3D-441B-BFC9-76D984CD56AC}.Release|x86.Build.0 = Release|Any CPU
		{96DE5080-BA0A-49FA-A871-DF40980FBFEF}.Debug|Any CPU.ActiveCfg = Debug|Any CPU
		{96DE5080-BA0A-49FA-A871-DF40980FBFEF}.Debug|Any CPU.Build.0 = Debug|Any CPU
		{96DE5080-BA0A-49FA-A871-DF40980FBFEF}.Debug|x64.ActiveCfg = Debug|Any CPU
		{96DE5080-BA0A-49FA-A871-DF40980FBFEF}.Debug|x64.Build.0 = Debug|Any CPU
		{96DE5080-BA0A-49FA-A871-DF40980FBFEF}.Debug|x86.ActiveCfg = Debug|Any CPU
		{96DE5080-BA0A-49FA-A871-DF40980FBFEF}.Debug|x86.Build.0 = Debug|Any CPU
		{96DE5080-BA0A-49FA-A871-DF40980FBFEF}.Release|Any CPU.ActiveCfg = Release|Any CPU
		{96DE5080-BA0A-49FA-A871-DF40980FBFEF}.Release|Any CPU.Build.0 = Release|Any CPU
		{96DE5080-BA0A-49FA-A871-DF40980FBFEF}.Release|x64.ActiveCfg = Release|Any CPU
		{96DE5080-BA0A-49FA-A871-DF40980FBFEF}.Release|x64.Build.0 = Release|Any CPU
		{96DE5080-BA0A-49FA-A871-DF40980FBFEF}.Release|x86.ActiveCfg = Release|Any CPU
		{96DE5080-BA0A-49FA-A871-DF40980FBFEF}.Release|x86.Build.0 = Release|Any CPU
	EndGlobalSection
	GlobalSection(SolutionProperties) = preSolution
		HideSolutionNode = FALSE
	EndGlobalSection
	GlobalSection(ExtensibilityGlobals) = postSolution
		SolutionGuid = {927056F6-E51A-4520-8CFD-C89DDC2DFFB7}
	EndGlobalSection
EndGlobal
