# THIS IS AN AUTOGENERATED FILE. DO NOT EDIT THIS FILE DIRECTLY.
# yarn lockfile v1


bootstrap@^4.2.1:
  version "4.2.1"
  resolved "https://registry.yarnpkg.com/bootstrap/-/bootstrap-4.2.1.tgz#8f8bdca024dbf0e8644da32e918c8a03a90a5757"
  integrity sha512-tt/7vIv3Gm2mnd/WeDx36nfGGHleil0Wg8IeB7eMrVkY0fZ5iTaBisSh8oNANc2IBsCc6vCgCNTIM/IEN0+50Q==

datatables.net-bs4@^1.10.15, datatables.net-bs4@^1.10.19:
  version "1.10.19"
  resolved "https://registry.yarnpkg.com/datatables.net-bs4/-/datatables.net-bs4-1.10.19.tgz#0608dff22008cf3c7b8a68b1bc702ed255b404fb"
  integrity sha512-pgeP17w4aPR7HIxIwuJghfqXULjdg1K6xMUUKDyCERJRSNNK4MRToFfELtIsluLNN555YBK4Kx8nihX5/ZT1Fw==
  dependencies:
    datatables.net "1.10.19"
    jquery ">=1.7"

datatables.net-buttons-bs4@^1.5.4:
  version "1.5.4"
  resolved "https://registry.yarnpkg.com/datatables.net-buttons-bs4/-/datatables.net-buttons-bs4-1.5.4.tgz#d03baa5459b6e13a10752b88e1f82ea3b7819c1d"
  integrity sha512-guPOv3boxG9pBuz1cmoWCJcPbrUDjbgaXpG+CJ2Fqto2r5EFZHob1/xb+OteKuI7HLWhO2Iswvf52hiMTpd26A==
  dependencies:
    datatables.net-bs4 "^1.10.15"
    datatables.net-buttons "1.5.4"
    jquery ">=1.7"

datatables.net-buttons@1.5.4:
  version "1.5.4"
  resolved "https://registry.yarnpkg.com/datatables.net-buttons/-/datatables.net-buttons-1.5.4.tgz#806c249e0858ea6cafccad433f4dd7736c0b1464"
  integrity sha512-xfo/23sGVXQW0kj2jLH6PzkhnXv+yGPrUXh7/ZT7xvCL1sNt8MLLf0tPLyrWynyeaew+Qvx5NBZer4MLxmisyw==
  dependencies:
    datatables.net "^1.10.15"
    jquery ">=1.7"

datatables.net-fixedcolumns-bs4@^3.2.6:
  version "3.2.6"
  resolved "https://registry.yarnpkg.com/datatables.net-fixedcolumns-bs4/-/datatables.net-fixedcolumns-bs4-3.2.6.tgz#866aa30cedc21fdd53c95f43a35b083af6f1e432"
  integrity sha512-svG6/zQb1yZ3tLvBNeLxifVMfHQZSJL01sFuPoZztTpYK+QJ5thF0TbyCUEz9Kg/vQ2NPLPkX1uBBGj0IRkFPg==
  dependencies:
    datatables.net-bs4 "^1.10.15"
    datatables.net-fixedcolumns "3.2.6"
    jquery ">=1.7"

datatables.net-fixedcolumns@3.2.6:
  version "3.2.6"
  resolved "https://registry.yarnpkg.com/datatables.net-fixedcolumns/-/datatables.net-fixedcolumns-3.2.6.tgz#7b9b2f40cfe689568fac9835db89385b482872cb"
  integrity sha512-PtEs2tllcHRVZj7fwmAQBWGJ5URRQZpDG2pJsh5jusvnRje3w1+KueMZm60iCtfOkIlUn+/j2+MghxLx/8yfKQ==
  dependencies:
    datatables.net "^1.10.15"
    jquery ">=1.7"

datatables.net-fixedheader-bs4@^3.1.5:
  version "3.1.5"
  resolved "https://registry.yarnpkg.com/datatables.net-fixedheader-bs4/-/datatables.net-fixedheader-bs4-3.1.5.tgz#60e060b721f46690a85e1acde634e75cc14e3cba"
  integrity sha512-3hOgUNaYxloUMQUq/GyNFlJ6Ug5hehcggsELJcRkC3KH5C5VkQXJyu0TCMePHoWxUEFbQr+PpfTLpNB5YuD/HA==
  dependencies:
    datatables.net-bs4 "^1.10.15"
    datatables.net-fixedheader "3.1.5"
    jquery ">=1.7"

datatables.net-fixedheader@3.1.5:
  version "3.1.5"
  resolved "https://registry.yarnpkg.com/datatables.net-fixedheader/-/datatables.net-fixedheader-3.1.5.tgz#4b6051a877e2c625604f0847b4b7227faddcccea"
  integrity sha512-k5Hdj9uDe9iodr/F5Upq7D3rkO6Cw6XpnPRlfk38B0Imb+Fqe7aB3Jn88A4D79Rbla3sqO3ifQOwWoO9qlHetA==
  dependencies:
    datatables.net "^1.10.15"
    jquery ">=1.7"

datatables.net-responsive-bs4@^2.2.3:
  version "2.2.3"
  resolved "https://registry.yarnpkg.com/datatables.net-responsive-bs4/-/datatables.net-responsive-bs4-2.2.3.tgz#639de17c1d31210ebf2b3c25f1c774c13f729e94"
  integrity sha512-SQaWI0uLuPcaiBBin9zX+MuQfTSIkK1bYxbXqUV6NLkHCVa6PMQK7Rvftj0ywG4R7uOtjbzY8nSVqxEKvQI0Vg==
  dependencies:
    datatables.net-bs4 "^1.10.15"
    datatables.net-responsive "2.2.3"
    jquery ">=1.7"

datatables.net-responsive@2.2.3:
  version "2.2.3"
  resolved "https://registry.yarnpkg.com/datatables.net-responsive/-/datatables.net-responsive-2.2.3.tgz#50a2b1b4955b16b32f573a3f00f473b0bfbee913"
  integrity sha512-8D6VtZcyuH3FG0Hn5A4LPZQEOX3+HrRFM7HjpmsQc/nQDBbdeBLkJX4Sh/o1nzFTSneuT1Wh/lYZHVPpjcN+Sw==
  dependencies:
    datatables.net "^1.10.15"
    jquery ">=1.7"

datatables.net@1.10.19, datatables.net@^1.10.15:
  version "1.10.19"
  resolved "https://registry.yarnpkg.com/datatables.net/-/datatables.net-1.10.19.tgz#97a1ed41c85e62d61040603481b59790a172dd1f"
  integrity sha512-+ljXcI6Pj3PTGy5pesp3E5Dr3x3AV45EZe0o1r0gKENN2gafBKXodVnk2ypKwl2tTmivjxbkiqoWnipTefyBTA==
  dependencies:
    jquery ">=1.7"

font-awesome@^4.7.0:
  version "4.7.0"
  resolved "https://registry.yarnpkg.com/font-awesome/-/font-awesome-4.7.0.tgz#8fa8cf0411a1a31afd07b06d2902bb9fc815a133"
  integrity sha1-j6jPBBGhoxr9B7BtKQK7n8gVoTM=

jquery-confirm@^3.3.3:
  version "3.3.3"
  resolved "https://registry.yarnpkg.com/jquery-confirm/-/jquery-confirm-3.3.3.tgz#bad1aee18a189b34a0f9eddd9bec2bef7a50d258"
  integrity sha512-PjpG4Lm2fiOewK6kTEa6pz9/Qnk5ee3KzAKFd3/QqPykBGy0GJxjDbpFeUjYOCPbAF0l4BZsRLTGlus2fUGzmA==
  dependencies:
    jquery ">=1.6"

jquery@>=1.6, jquery@>=1.7, jquery@^3.3.1:
  version "3.3.1"
  resolved "https://registry.yarnpkg.com/jquery/-/jquery-3.3.1.tgz#958ce29e81c9790f31be7792df5d4d95fc57fbca"
  integrity sha512-Ubldcmxp5np52/ENotGxlLe6aGMvmF4R8S6tZjsP6Knsaxd/xp3Zrh50cG93lR6nPXyUFwzN3ZSOQI0wRJNdGg==

knockout@^3.4.2:
  version "3.4.2"
  resolved "https://registry.yarnpkg.com/knockout/-/knockout-3.4.2.tgz#e87958de77ad1e936f7ce645bab8b5d7c456d937"
  integrity sha1-6HlY3netHpNvfOZFuri118RW2Tc=

popper.js@^1.14.6:
  version "1.14.6"
  resolved "https://registry.yarnpkg.com/popper.js/-/popper.js-1.14.6.tgz#ab20dd4edf9288b8b3b6531c47c361107b60b4b0"
  integrity sha512-AGwHGQBKumlk/MDfrSOf0JHhJCImdDMcGNoqKmKkU+68GFazv3CQ6q9r7Ja1sKDZmYWTckY/uLyEznheTDycnA==
